{
  "name": "project_almo_new",
  "version": "1.0.0",
  "lockfileVersion": 1,
  "requires": true,
  "dependencies": {
    "active-menu-link": {
      "version": "1.1.8",
      "resolved": "https://registry.npmjs.org/active-menu-link/-/active-menu-link-1.1.8.tgz",
      "integrity": "sha512-8lEgIzjIOQOhql8jijEZp64oBqukpIxGB/BQ3I5cgd/wnySr0GmkBroMeFycBZ2F9wvP4TPp8r590FsKI1DdhA==",
      "requires": {
        "scroll-to": "0.0.2"
      }
    },
    "bootstrap-icons": {
      "version": "1.0.0",
      "resolved": "https://registry.npmjs.org/bootstrap-icons/-/bootstrap-icons-1.0.0.tgz",
      "integrity": "sha512-PaQm3VtSqbUnWuyqGmFJG5iF9UMieDuk8raPOmKOtKeyWyiVshgLoKa+9EWGolGU/nvyBLEBWhZoQqhu9ccNBg=="
    },
    "component-clone": {
      "version": "0.2.2",
      "resolved": "https://registry.npmjs.org/component-clone/-/component-clone-0.2.2.tgz",
      "integrity": "sha1-x/WXmCKID62M+wliuikYbQYe4E8=",
      "requires": {
        "component-type": "1.1.0"
      }
    },
    "component-emitter": {
      "version": "1.2.0",
      "resolved": "https://registry.npmjs.org/component-emitter/-/component-emitter-1.2.0.tgz",
      "integrity": "sha1-zNETqGOI0GSC0D3j/H35hSa6jv4="
    },
    "component-raf": {
      "version": "1.2.0",
      "resolved": "https://registry.npmjs.org/component-raf/-/component-raf-1.2.0.tgz",
      "integrity": "sha1-srxy1D8bAU/eeks8RHx2S8c8y6o="
    },
    "component-tween": {
      "version": "1.2.0",
      "resolved": "https://registry.npmjs.org/component-tween/-/component-tween-1.2.0.tgz",
      "integrity": "sha1-zDnOXbqwW1KCX0HRlHY4oLAbK4o=",
      "requires": {
        "component-clone": "0.2.2",
        "component-emitter": "1.2.0",
        "component-type": "1.1.0",
        "ease-component": "1.0.0"
      }
    },
    "component-type": {
      "version": "1.1.0",
      "resolved": "https://registry.npmjs.org/component-type/-/component-type-1.1.0.tgz",
      "integrity": "sha1-lbZmqtU+XI0fK+E1xFtdSZGXwMU="
    },
    "ease-component": {
      "version": "1.0.0",
      "resolved": "https://registry.npmjs.org/ease-component/-/ease-component-1.0.0.tgz",
      "integrity": "sha1-s3VybbC1sEWVt3RAOW/sfapdd8k="
    },
    "jquery": {
      "version": "3.5.1",
      "resolved": "https://registry.npmjs.org/jquery/-/jquery-3.5.1.tgz",
      "integrity": "sha512-XwIBPqcMn57FxfT+Go5pzySnm4KWkT1Tv7gjrpT1srtf8Weynl6R273VJ5GjkRb51IzMp5nbaPjJXMWeju2MKg=="
    },
    "jquery-parallax.js": {
      "version": "1.5.0",
      "resolved": "https://registry.npmjs.org/jquery-parallax.js/-/jquery-parallax.js-1.5.0.tgz",
      "integrity": "sha512-+SyyADkSloW92ZbqJ53yT8M+36GLI+SFOM32q3NeScEJ32u+YCxrDCmpdZmBjrUcJ/CFYuaq9fRwvhfE5u75ew==",
      "requires": {
        "jquery": "3.5.1"
      }
    },
    "lightbox2": {
      "version": "2.11.3",
      "resolved": "https://registry.npmjs.org/lightbox2/-/lightbox2-2.11.3.tgz",
      "integrity": "sha512-Q4v6il/OK9ttgEkAxSok/jrI/LUbqTrePFchqP2x/59qaDIZgJjEEc5Xf7peSMc/55Zo5PAgmX6EiN/BeEeUBQ=="
    },
    "scroll-to": {
      "version": "0.0.2",
      "resolved": "https://registry.npmjs.org/scroll-to/-/scroll-to-0.0.2.tgz",
      "integrity": "sha1-k205ipEzZgokkhRcLACB38sHKPM=",
      "requires": {
        "component-raf": "1.2.0",
        "component-tween": "1.2.0"
      }
    }
  }
}
